
Microsoft Visual Studio Solution File, Format Version 12.00
# Visual Studio Version 17
VisualStudioVersion = 17.2.32519.379
MinimumVisualStudioVersion = 10.0.40219.1
Project("{FAE04EC0-301F-11D3-BF4B-00C04F79EFBC}") = "MobileApp.Android", "MobileApp.Android\MobileApp.Android.csproj", "{AA065778-FB46-494C-A3AA-72A120B1848C}"
EndProject
Project("{FAE04EC0-301F-11D3-BF4B-00C04F79EFBC}") = "MobileApp", "MobileApp\MobileApp.csproj", "{6B4EDAD3-F362-4737-9E63-7C11BC25AD68}"
EndProject
Global
	GlobalSection(SolutionConfigurationPlatforms) = preSolution
		Debug|Any CPU = Debug|Any CPU
		Release|Any CPU = Release|Any CPU
	EndGlobalSection
	GlobalSection(ProjectConfigurationPlatforms) = postSolution
		{AA065778-FB46-494C-A3AA-72A120B1848C}.Debug|Any CPU.ActiveCfg = Debug|Any CPU
		{AA065778-FB46-494C-A3AA-72A120B1848C}.Debug|Any CPU.Build.0 = Debug|Any CPU
		{AA065778-FB46-494C-A3AA-72A120B1848C}.Debug|Any CPU.Deploy.0 = Debug|Any CPU
		{AA065778-FB46-494C-A3AA-72A120B1848C}.Release|Any CPU.ActiveCfg = Release|Any CPU
		{AA065778-FB46-494C-A3AA-72A120B1848C}.Release|Any CPU.Build.0 = Release|Any CPU
		{AA065778-FB46-494C-A3AA-72A120B1848C}.Release|Any CPU.Deploy.0 = Release|Any CPU
		{6B4EDAD3-F362-4737-9E63-7C11BC25AD68}.Debug|Any CPU.ActiveCfg = Debug|Any CPU
		{6B4EDAD3-F362-4737-9E63-7C11BC25AD68}.Debug|Any CPU.Build.0 = Debug|Any CPU
		{6B4EDAD3-F362-4737-9E63-7C11BC25AD68}.Debug|Any CPU.Deploy.0 = Debug|Any CPU
		{6B4EDAD3-F362-4737-9E63-7C11BC25AD68}.Release|Any CPU.ActiveCfg = Release|Any CPU
		{6B4EDAD3-F362-4737-9E63-7C11BC25AD68}.Release|Any CPU.Build.0 = Release|Any CPU
		{6B4EDAD3-F362-4737-9E63-7C11BC25AD68}.Release|Any CPU.Deploy.0 = Release|Any CPU
	EndGlobalSection
	GlobalSection(SolutionProperties) = preSolution
		HideSolutionNode = FALSE
	EndGlobalSection
	GlobalSection(ExtensibilityGlobals) = postSolution
		SolutionGuid = {C0A0F46A-4346-48F9-A2A6-44D47986465E}
	EndGlobalSection
EndGlobal
